# THIS IS AN AUTOGENERATED FILE. DO NOT EDIT THIS FILE DIRECTLY.
# yarn lockfile v1


dayjs@^1.8.16:
  version "1.8.16"
  resolved "https://registry.yarnpkg.com/dayjs/-/dayjs-1.8.16.tgz#2a3771de537255191b947957af2fd90012e71e64"
  integrity sha512-XPmqzWz/EJiaRHjBqSJ2s6hE/BUoCIHKgdS2QPtTQtKcS9E4/Qn0WomoH1lXanWCzri+g7zPcuNV4aTZ8PMORQ==
